{
  "version": 4,
  "terraform_version": "1.6.6",
  "serial": 197,
  "lineage": "a259dfbc-b81f-003e-90ce-7317433ec6ec",
  "outputs": {
    "backend_public_ip": {
      "value": "95.217.176.10",
      "type": "string"
    },
    "database_public_ip": {
      "value": "95.217.238.75",
      "type": "string"
    },
    "database_volume_id": {
      "value": "100221808",
      "type": "string"
    },
    "frontend_public_ip": {
      "value": "37.27.17.167",
      "type": "string"
    }
  },
  "resources": [
    {
      "mode": "data",
      "type": "hcloud_ssh_key",
      "name": "ssh_key",
      "provider": "provider[\"registry.terraform.io/hetznercloud/hcloud\"]",
      "instances": [
        {
          "schema_version": 0,
          "attributes": {
            "fingerprint": "7f:2a:46:41:ae:6e:a0:05:5a:60:d6:0a:81:c0:72:d1",
            "id": 18011602,
            "labels": {},
            "name": "servers",
            "public_key": "ssh-rsa AAAAB3NzaC1yc2EAAAADAQABAAABgQCXTtXG9OdxzpjwNjfsipRi+TlOhAMAVhRP/waWpiDTZBmmmmNAAqFZeEUHMd18p/V9rsdY5woVKbZ5Fu2TzOPygO6veDWrbZjqTWl10OK4aoH6yc9Yz206y0tK8b9MsNDyg3ghstT+JJmjG4HH1FjeWmg1YORBsIJjw2G/PM5hOJytS2ydmPceoEvFW6M6lIJL8x9gCy5+cgyvzbp7Y0O0KdvXTHudfZvuj+NatIELcDTa7HP9el1f29ZOyOzLYkIbfNbxnXhmmfo1GE8xZ9WBG0pggiPp5NQ11yFXBz5GKXbINcq+fheNyPHmLbEmWLPnDEQG9EA2pWAvMoqQ6pWYauoaMtwPqb9f65vFJqnsFUmVrSed+Af/w3Ulh0w5zb+8rVTMl5fcsXfs/GC0V2JKLVDJ4O5Y3m9ohdSiqOKci3kKsqnC6f+PNjN03fRFLtXCHwA6xyF8sh89zX2/uIXnQ+b+AqxPShkpYsbpgKyIwb1Ir4m0kL6AKznYROCDddM=",
            "selector": null,
            "with_selector": null
          },
          "sensitive_attributes": []
        }
      ]
    },
    {
      "mode": "managed",
      "type": "hcloud_firewall",
      "name": "firewall-backend",
      "provider": "provider[\"registry.terraform.io/hetznercloud/hcloud\"]",
      "instances": [
        {
          "schema_version": 0,
          "attributes": {
            "apply_to": [
              {
                "label_selector": "",
                "server": 41103179
              }
            ],
            "id": "1182820",
            "labels": {},
            "name": "firewall-backend",
            "rule": [
              {
                "description": "",
                "destination_ips": [
                  "10.0.1.3/32"
                ],
                "direction": "out",
                "port": "5432",
                "protocol": "tcp",
                "source_ips": []
              },
              {
                "description": "",
                "destination_ips": [],
                "direction": "in",
                "port": "80",
                "protocol": "tcp",
                "source_ips": [
                  "10.0.1.1/32"
                ]
              },
              {
                "description": "",
                "destination_ips": [],
                "direction": "in",
                "port": "80",
                "protocol": "udp",
                "source_ips": [
                  "10.0.1.1/32"
                ]
              }
            ]
          },
          "sensitive_attributes": [],
          "private": "bnVsbA=="
        }
      ]
    },
    {
      "mode": "managed",
      "type": "hcloud_firewall",
      "name": "firewall-common",
      "provider": "provider[\"registry.terraform.io/hetznercloud/hcloud\"]",
      "instances": [
        {
          "schema_version": 0,
          "attributes": {
            "apply_to": [
              {
                "label_selector": "",
                "server": 41103178
              },
              {
                "label_selector": "",
                "server": 41103179
              },
              {
                "label_selector": "",
                "server": 41103180
              }
            ],
            "id": "1182818",
            "labels": {},
            "name": "firewall-common",
            "rule": [
              {
                "description": "",
                "destination_ips": [
                  "0.0.0.0/0",
                  "::/0"
                ],
                "direction": "out",
                "port": "443",
                "protocol": "tcp",
                "source_ips": []
              },
              {
                "description": "",
                "destination_ips": [
                  "0.0.0.0/0",
                  "::/0"
                ],
                "direction": "out",
                "port": "443",
                "protocol": "udp",
                "source_ips": []
              },
              {
                "description": "",
                "destination_ips": [
                  "0.0.0.0/0",
                  "::/0"
                ],
                "direction": "out",
                "port": "53",
                "protocol": "tcp",
                "source_ips": []
              },
              {
                "description": "",
                "destination_ips": [
                  "0.0.0.0/0",
                  "::/0"
                ],
                "direction": "out",
                "port": "53",
                "protocol": "udp",
                "source_ips": []
              },
              {
                "description": "",
                "destination_ips": [
                  "0.0.0.0/0",
                  "::/0"
                ],
                "direction": "out",
                "port": "80",
                "protocol": "tcp",
                "source_ips": []
              },
              {
                "description": "",
                "destination_ips": [
                  "0.0.0.0/0",
                  "::/0"
                ],
                "direction": "out",
                "port": "80",
                "protocol": "udp",
                "source_ips": []
              },
              {
                "description": "",
                "destination_ips": [],
                "direction": "in",
                "port": "22",
                "protocol": "tcp",
                "source_ips": [
                  "0.0.0.0/0",
                  "::/0"
                ]
              }
            ]
          },
          "sensitive_attributes": [],
          "private": "bnVsbA=="
        }
      ]
    },
    {
      "mode": "managed",
      "type": "hcloud_firewall",
      "name": "firewall-database",
      "provider": "provider[\"registry.terraform.io/hetznercloud/hcloud\"]",
      "instances": [
        {
          "schema_version": 0,
          "attributes": {
            "apply_to": [
              {
                "label_selector": "",
                "server": 41103178
              }
            ],
            "id": "1182817",
            "labels": {},
            "name": "firewall-database",
            "rule": [
              {
                "description": "",
                "destination_ips": [],
                "direction": "in",
                "port": "5432",
                "protocol": "tcp",
                "source_ips": [
                  "10.0.1.2/32"
                ]
              }
            ]
          },
          "sensitive_attributes": [],
          "private": "bnVsbA=="
        }
      ]
    },
    {
      "mode": "managed",
      "type": "hcloud_firewall",
      "name": "firewall-frontend",
      "provider": "provider[\"registry.terraform.io/hetznercloud/hcloud\"]",
      "instances": [
        {
          "schema_version": 0,
          "attributes": {
            "apply_to": [
              {
                "label_selector": "",
                "server": 41103180
              }
            ],
            "id": "1182819",
            "labels": {},
            "name": "firewall-frontend",
            "rule": [
              {
                "description": "",
                "destination_ips": [],
                "direction": "in",
                "port": "443",
                "protocol": "tcp",
                "source_ips": [
                  "0.0.0.0/0",
                  "::/0"
                ]
              },
              {
                "description": "",
                "destination_ips": [],
                "direction": "in",
                "port": "443",
                "protocol": "udp",
                "source_ips": [
                  "0.0.0.0/0",
                  "::/0"
                ]
              },
              {
                "description": "",
                "destination_ips": [],
                "direction": "in",
                "port": "80",
                "protocol": "tcp",
                "source_ips": [
                  "0.0.0.0/0",
                  "::/0"
                ]
              },
              {
                "description": "",
                "destination_ips": [],
                "direction": "in",
                "port": "80",
                "protocol": "udp",
                "source_ips": [
                  "0.0.0.0/0",
                  "::/0"
                ]
              }
            ]
          },
          "sensitive_attributes": [],
          "private": "bnVsbA=="
        }
      ]
    },
    {
      "mode": "managed",
      "type": "hcloud_network",
      "name": "network",
      "provider": "provider[\"registry.terraform.io/hetznercloud/hcloud\"]",
      "instances": [
        {
          "schema_version": 0,
          "attributes": {
            "delete_protection": false,
            "expose_routes_to_vswitch": false,
            "id": "3712801",
            "ip_range": "10.0.0.0/16",
            "labels": {},
            "name": "network"
          },
          "sensitive_attributes": [],
          "private": "bnVsbA=="
        }
      ]
    },
    {
      "mode": "managed",
      "type": "hcloud_network_subnet",
      "name": "subnet",
      "provider": "provider[\"registry.terraform.io/hetznercloud/hcloud\"]",
      "instances": [
        {
          "schema_version": 0,
          "attributes": {
            "gateway": "10.0.0.1",
            "id": "3712801-10.0.1.0/24",
            "ip_range": "10.0.1.0/24",
            "network_id": 3712801,
            "network_zone": "eu-central",
            "type": "cloud",
            "vswitch_id": null
          },
          "sensitive_attributes": [],
          "private": "bnVsbA==",
          "dependencies": [
            "hcloud_network.network"
          ]
        }
      ]
    },
    {
      "mode": "managed",
      "type": "hcloud_server",
      "name": "backend",
      "provider": "provider[\"registry.terraform.io/hetznercloud/hcloud\"]",
      "instances": [
        {
          "schema_version": 0,
          "attributes": {
            "allow_deprecated_images": false,
            "backup_window": "",
            "backups": false,
            "datacenter": "hel1-dc2",
            "delete_protection": false,
            "firewall_ids": [
              1182818,
              1182820
            ],
            "id": "41103179",
            "ignore_remote_firewall_ids": false,
            "image": "ubuntu-22.04",
            "ipv4_address": "95.217.176.10",
            "ipv6_address": "2a01:4f9:c011:96a4::1",
            "ipv6_network": "2a01:4f9:c011:96a4::/64",
            "iso": null,
            "keep_disk": false,
            "labels": {
              "purpose": "backend"
            },
            "location": "hel1",
            "name": "backend",
            "network": [
              {
                "alias_ips": [],
                "ip": "10.0.1.2",
                "mac_address": "86:00:00:6f:3a:cb",
                "network_id": 3712801
              }
            ],
            "placement_group_id": null,
            "public_net": [],
            "rebuild_protection": false,
            "rescue": null,
            "server_type": "cx21",
            "shutdown_before_deletion": false,
            "ssh_keys": [
              "servers"
            ],
            "status": "running",
            "timeouts": null,
            "user_data": null
          },
          "sensitive_attributes": [],
          "private": "eyJlMmJmYjczMC1lY2FhLTExZTYtOGY4OC0zNDM2M2JjN2M0YzAiOnsiY3JlYXRlIjo1NDAwMDAwMDAwMDAwfX0=",
          "dependencies": [
            "data.hcloud_ssh_key.ssh_key",
            "hcloud_firewall.firewall-backend",
            "hcloud_firewall.firewall-common",
            "hcloud_network.network",
            "hcloud_network_subnet.subnet"
          ]
        }
      ]
    },
    {
      "mode": "managed",
      "type": "hcloud_server",
      "name": "database",
      "provider": "provider[\"registry.terraform.io/hetznercloud/hcloud\"]",
      "instances": [
        {
          "schema_version": 0,
          "attributes": {
            "allow_deprecated_images": false,
            "backup_window": "",
            "backups": false,
            "datacenter": "hel1-dc2",
            "delete_protection": false,
            "firewall_ids": [
              1182817,
              1182818
            ],
            "id": "41103178",
            "ignore_remote_firewall_ids": false,
            "image": "ubuntu-22.04",
            "ipv4_address": "95.217.238.75",
            "ipv6_address": "2a01:4f9:c012:2b6c::1",
            "ipv6_network": "2a01:4f9:c012:2b6c::/64",
            "iso": null,
            "keep_disk": false,
            "labels": {
              "purpose": "database"
            },
            "location": "hel1",
            "name": "database",
            "network": [
              {
                "alias_ips": [],
                "ip": "10.0.1.3",
                "mac_address": "86:00:00:6f:3a:c9",
                "network_id": 3712801
              }
            ],
            "placement_group_id": null,
            "public_net": [],
            "rebuild_protection": false,
            "rescue": null,
            "server_type": "cx21",
            "shutdown_before_deletion": false,
            "ssh_keys": [
              "servers"
            ],
            "status": "running",
            "timeouts": null,
            "user_data": null
          },
          "sensitive_attributes": [],
          "private": "eyJlMmJmYjczMC1lY2FhLTExZTYtOGY4OC0zNDM2M2JjN2M0YzAiOnsiY3JlYXRlIjo1NDAwMDAwMDAwMDAwfX0=",
          "dependencies": [
            "data.hcloud_ssh_key.ssh_key",
            "hcloud_firewall.firewall-common",
            "hcloud_firewall.firewall-database",
            "hcloud_network.network",
            "hcloud_network_subnet.subnet"
          ]
        }
      ]
    },
    {
      "mode": "managed",
      "type": "hcloud_server",
      "name": "frontend",
      "provider": "provider[\"registry.terraform.io/hetznercloud/hcloud\"]",
      "instances": [
        {
          "schema_version": 0,
          "attributes": {
            "allow_deprecated_images": false,
            "backup_window": "",
            "backups": false,
            "datacenter": "hel1-dc2",
            "delete_protection": false,
            "firewall_ids": [
              1182818,
              1182819
            ],
            "id": "41103180",
            "ignore_remote_firewall_ids": false,
            "image": "ubuntu-22.04",
            "ipv4_address": "37.27.17.167",
            "ipv6_address": "2a01:4f9:c010:d990::1",
            "ipv6_network": "2a01:4f9:c010:d990::/64",
            "iso": null,
            "keep_disk": false,
            "labels": {
              "purpose": "frontend"
            },
            "location": "hel1",
            "name": "frontend",
            "network": [
              {
                "alias_ips": [],
                "ip": "10.0.1.1",
                "mac_address": "86:00:00:6f:3a:cd",
                "network_id": 3712801
              }
            ],
            "placement_group_id": null,
            "public_net": [],
            "rebuild_protection": false,
            "rescue": null,
            "server_type": "cx21",
            "shutdown_before_deletion": false,
            "ssh_keys": [
              "servers"
            ],
            "status": "running",
            "timeouts": null,
            "user_data": null
          },
          "sensitive_attributes": [],
          "private": "eyJlMmJmYjczMC1lY2FhLTExZTYtOGY4OC0zNDM2M2JjN2M0YzAiOnsiY3JlYXRlIjo1NDAwMDAwMDAwMDAwfX0=",
          "dependencies": [
            "data.hcloud_ssh_key.ssh_key",
            "hcloud_firewall.firewall-common",
            "hcloud_firewall.firewall-frontend",
            "hcloud_network.network",
            "hcloud_network_subnet.subnet"
          ]
        }
      ]
    },
    {
      "mode": "managed",
      "type": "hcloud_volume",
      "name": "database",
      "provider": "provider[\"registry.terraform.io/hetznercloud/hcloud\"]",
      "instances": [
        {
          "schema_version": 0,
          "attributes": {
            "automount": true,
            "delete_protection": true,
            "format": "ext4",
            "id": "100221808",
            "labels": {
              "purpose": "database"
            },
            "linux_device": "/dev/disk/by-id/scsi-0HC_Volume_100221808",
            "location": "hel1",
            "name": "database",
            "server_id": 41103178,
            "size": 10
          },
          "sensitive_attributes": [],
          "private": "bnVsbA==",
          "dependencies": [
            "data.hcloud_ssh_key.ssh_key",
            "hcloud_firewall.firewall-common",
            "hcloud_firewall.firewall-database",
            "hcloud_network.network",
            "hcloud_network_subnet.subnet",
            "hcloud_server.database"
          ]
        }
      ]
    }
  ],
  "check_results": null
}
